
Microsoft Visual Studio Solution File, Format Version 12.00
# Visual Studio Version 16
VisualStudioVersion = 16.0.31515.178
MinimumVisualStudioVersion = 10.0.40219.1
Project("{FAE04EC0-301F-11D3-BF4B-00C04F79EFBC}") = "MyVPN", "MyVPN.csproj", "{3B7C78A4-BBD8-4927-BDCD-A053BB9922EE}"
EndProject
Global
	GlobalSection(SolutionConfigurationPlatforms) = preSolution
		Debug|Any CPU = Debug|Any CPU
		Release|Any CPU = Release|Any CPU
	EndGlobalSection
	GlobalSection(ProjectConfigurationPlatforms) = postSolution
		{3B7C78A4-BBD8-4927-BDCD-A053BB9922EE}.Debug|Any CPU.ActiveCfg = Debug|Any CPU
		{3B7C78A4-BBD8-4927-BDCD-A053BB9922EE}.Debug|Any CPU.Build.0 = Debug|Any CPU
		{3B7C78A4-BBD8-4927-BDCD-A053BB9922EE}.Release|Any CPU.ActiveCfg = Release|Any CPU
		{3B7C78A4-BBD8-4927-BDCD-A053BB9922EE}.Release|Any CPU.Build.0 = Release|Any CPU
	EndGlobalSection
	GlobalSection(SolutionProperties) = preSolution
		HideSolutionNode = FALSE
	EndGlobalSection
	GlobalSection(ExtensibilityGlobals) = postSolution
		SolutionGuid = {4D30373A-0E56-48EC-BA57-56609B820AE2}
	EndGlobalSection
EndGlobal
